github.com/joefitzgerald/standardlog v0.0.0-20140810160603-04a4bc557092 h1:nD5SnRjup2EH6S6stlkIknvOIJjxC2zKJLPhfQpjl1w=
github.com/joefitzgerald/standardlog v0.0.0-20140810160603-04a4bc557092/go.mod h1:zoAyntqGSWV1ZE6sfTqJSksDhliPFLdg7zB0QxbKsQ8=
github.com/lib/pq v1.0.0 h1:X5PMW56eZitiTeO7tKzZxFCSpbFZJtkMMooicw2us9A=
github.com/lib/pq v1.0.0/go.mod h1:5WUZQaWbwv1U+lTReE5YruASi9Al49XbQIvNi/34Woo=
